
Microsoft Visual Studio Solution File, Format Version 12.00
# Visual Studio Version 16
VisualStudioVersion = 16.0.31624.102
MinimumVisualStudioVersion = 10.0.40219.1
Project("{FAE04EC0-301F-11D3-BF4B-00C04F79EFBC}") = "HaveIBeenPwnedAPI", "HaveIBeenPwnedAPI\HaveIBeenPwnedAPI.csproj", "{0E5BD8E8-8ECF-402F-BD5F-1D89DBBDCD86}"
EndProject
Project("{FAE04EC0-301F-11D3-BF4B-00C04F79EFBC}") = "HaveIBeenPwnedApiConsoleApp", "HaveIBeenPwnedApiTest\HaveIBeenPwnedApiConsoleApp.csproj", "{D91B824D-E854-4EE2-B66A-754C79CCC7DC}"
EndProject
Project("{FAE04EC0-301F-11D3-BF4B-00C04F79EFBC}") = "HaveIBeenPwnedApiUnitTests", "HaveIBeenPwnedApiUnitTests\HaveIBeenPwnedApiUnitTests.csproj", "{2113EF37-7106-4F82-A0EC-67F363F413ED}"
EndProject
Global
	GlobalSection(SolutionConfigurationPlatforms) = preSolution
		Debug|Any CPU = Debug|Any CPU
		Release|Any CPU = Release|Any CPU
	EndGlobalSection
	GlobalSection(ProjectConfigurationPlatforms) = postSolution
		{0E5BD8E8-8ECF-402F-BD5F-1D89DBBDCD86}.Debug|Any CPU.ActiveCfg = Debug|Any CPU
		{0E5BD8E8-8ECF-402F-BD5F-1D89DBBDCD86}.Debug|Any CPU.Build.0 = Debug|Any CPU
		{0E5BD8E8-8ECF-402F-BD5F-1D89DBBDCD86}.Release|Any CPU.ActiveCfg = Release|Any CPU
		{0E5BD8E8-8ECF-402F-BD5F-1D89DBBDCD86}.Release|Any CPU.Build.0 = Release|Any CPU
		{D91B824D-E854-4EE2-B66A-754C79CCC7DC}.Debug|Any CPU.ActiveCfg = Debug|Any CPU
		{D91B824D-E854-4EE2-B66A-754C79CCC7DC}.Debug|Any CPU.Build.0 = Debug|Any CPU
		{D91B824D-E854-4EE2-B66A-754C79CCC7DC}.Release|Any CPU.ActiveCfg = Release|Any CPU
		{D91B824D-E854-4EE2-B66A-754C79CCC7DC}.Release|Any CPU.Build.0 = Release|Any CPU
		{2113EF37-7106-4F82-A0EC-67F363F413ED}.Debug|Any CPU.ActiveCfg = Debug|Any CPU
		{2113EF37-7106-4F82-A0EC-67F363F413ED}.Debug|Any CPU.Build.0 = Debug|Any CPU
		{2113EF37-7106-4F82-A0EC-67F363F413ED}.Release|Any CPU.ActiveCfg = Release|Any CPU
		{2113EF37-7106-4F82-A0EC-67F363F413ED}.Release|Any CPU.Build.0 = Release|Any CPU
	EndGlobalSection
	GlobalSection(SolutionProperties) = preSolution
		HideSolutionNode = FALSE
	EndGlobalSection
	GlobalSection(ExtensibilityGlobals) = postSolution
		SolutionGuid = {E6939966-98A4-4D7B-8C9B-297ECD05BD16}
	EndGlobalSection
EndGlobal
